
Microsoft Visual Studio Solution File, Format Version 12.00
# Visual Studio Version 16
VisualStudioVersion = 16.0.29326.143
MinimumVisualStudioVersion = 10.0.40219.1
Project("{FAE04EC0-301F-11D3-BF4B-00C04F79EFBC}") = "Website", "Scralingo\Website.csproj", "{A40DB7EB-1EB3-4E5D-8DFD-1A78B364E523}"
EndProject
Project("{FAE04EC0-301F-11D3-BF4B-00C04F79EFBC}") = "DAL", "DAL\DAL.csproj", "{22FCD923-839B-4081-991A-D2569E7137F9}"
EndProject
Project("{FAE04EC0-301F-11D3-BF4B-00C04F79EFBC}") = "Business", "Business\Business.csproj", "{5EA4ED68-ACF1-4BA3-A1BD-A3FAB0D2EDED}"
EndProject
Project("{FAE04EC0-301F-11D3-BF4B-00C04F79EFBC}") = "Model", "Model\Model.csproj", "{B2BF5440-6BAA-4754-BB84-CBFFF71D80B6}"
EndProject
Project("{FAE04EC0-301F-11D3-BF4B-00C04F79EFBC}") = "Extensions", "Extensions\Extensions.csproj", "{EEA52C4F-DCF7-4C67-BFF8-DD02B277347B}"
EndProject
Global
	GlobalSection(SolutionConfigurationPlatforms) = preSolution
		Debug|Any CPU = Debug|Any CPU
		Release|Any CPU = Release|Any CPU
	EndGlobalSection
	GlobalSection(ProjectConfigurationPlatforms) = postSolution
		{A40DB7EB-1EB3-4E5D-8DFD-1A78B364E523}.Debug|Any CPU.ActiveCfg = Debug|Any CPU
		{A40DB7EB-1EB3-4E5D-8DFD-1A78B364E523}.Debug|Any CPU.Build.0 = Debug|Any CPU
		{A40DB7EB-1EB3-4E5D-8DFD-1A78B364E523}.Release|Any CPU.ActiveCfg = Release|Any CPU
		{A40DB7EB-1EB3-4E5D-8DFD-1A78B364E523}.Release|Any CPU.Build.0 = Release|Any CPU
		{22FCD923-839B-4081-991A-D2569E7137F9}.Debug|Any CPU.ActiveCfg = Debug|Any CPU
		{22FCD923-839B-4081-991A-D2569E7137F9}.Debug|Any CPU.Build.0 = Debug|Any CPU
		{22FCD923-839B-4081-991A-D2569E7137F9}.Release|Any CPU.ActiveCfg = Release|Any CPU
		{22FCD923-839B-4081-991A-D2569E7137F9}.Release|Any CPU.Build.0 = Release|Any CPU
		{5EA4ED68-ACF1-4BA3-A1BD-A3FAB0D2EDED}.Debug|Any CPU.ActiveCfg = Debug|Any CPU
		{5EA4ED68-ACF1-4BA3-A1BD-A3FAB0D2EDED}.Debug|Any CPU.Build.0 = Debug|Any CPU
		{5EA4ED68-ACF1-4BA3-A1BD-A3FAB0D2EDED}.Release|Any CPU.ActiveCfg = Release|Any CPU
		{5EA4ED68-ACF1-4BA3-A1BD-A3FAB0D2EDED}.Release|Any CPU.Build.0 = Release|Any CPU
		{B2BF5440-6BAA-4754-BB84-CBFFF71D80B6}.Debug|Any CPU.ActiveCfg = Debug|Any CPU
		{B2BF5440-6BAA-4754-BB84-CBFFF71D80B6}.Debug|Any CPU.Build.0 = Debug|Any CPU
		{B2BF5440-6BAA-4754-BB84-CBFFF71D80B6}.Release|Any CPU.ActiveCfg = Release|Any CPU
		{B2BF5440-6BAA-4754-BB84-CBFFF71D80B6}.Release|Any CPU.Build.0 = Release|Any CPU
		{EEA52C4F-DCF7-4C67-BFF8-DD02B277347B}.Debug|Any CPU.ActiveCfg = Debug|Any CPU
		{EEA52C4F-DCF7-4C67-BFF8-DD02B277347B}.Debug|Any CPU.Build.0 = Debug|Any CPU
		{EEA52C4F-DCF7-4C67-BFF8-DD02B277347B}.Release|Any CPU.ActiveCfg = Release|Any CPU
		{EEA52C4F-DCF7-4C67-BFF8-DD02B277347B}.Release|Any CPU.Build.0 = Release|Any CPU
	EndGlobalSection
	GlobalSection(SolutionProperties) = preSolution
		HideSolutionNode = FALSE
	EndGlobalSection
	GlobalSection(ExtensibilityGlobals) = postSolution
		SolutionGuid = {48C9E68B-0FCD-4BEC-86E4-6622A964FA71}
	EndGlobalSection
EndGlobal
